
Microsoft Visual Studio Solution File, Format Version 12.00
# Visual Studio Version 17
VisualStudioVersion = 17.0.31903.59
MinimumVisualStudioVersion = 10.0.40219.1
Project("{2150E333-8FDC-42A3-9474-1A3956D46DE8}") = "src", "src", "{B7659B5A-3F63-4BB6-89EB-CD135612AEA7}"
EndProject
Project("{FAE04EC0-301F-11D3-BF4B-00C04F79EFBC}") = "RaceDay.WpfUi", "src\RaceDay.WpfUi\RaceDay.WpfUi.csproj", "{5DAD148E-3460-4867-A584-E7FF6469EACE}"
EndProject
Project("{FAE04EC0-301F-11D3-BF4B-00C04F79EFBC}") = "RaceDay.SqlLite", "src\RaceDay.SqlLite\RaceDay.SqlLite.csproj", "{C33A4461-80A8-4A28-BBA8-7B9847616196}"
EndProject
Project("{FAE04EC0-301F-11D3-BF4B-00C04F79EFBC}") = "RaceDay.Domain", "src\RaceDay.Domain\RaceDay.Domain.csproj", "{C6166AA7-5387-45EE-A728-C26C4F5F83F5}"
EndProject
Project("{2150E333-8FDC-42A3-9474-1A3956D46DE8}") = "tests", "tests", "{2513FF83-1D59-4C4A-8150-E98A116E0AFA}"
EndProject
Project("{FAE04EC0-301F-11D3-BF4B-00C04F79EFBC}") = "RaceDay.WpfUi.Tests", "tests\RaceDay.WpfUi.Tests\RaceDay.WpfUi.Tests.csproj", "{338BECFF-29C0-4340-B676-F9ECE461DDFE}"
EndProject
Global
	GlobalSection(SolutionConfigurationPlatforms) = preSolution
		Debug|Any CPU = Debug|Any CPU
		Release|Any CPU = Release|Any CPU
	EndGlobalSection
	GlobalSection(SolutionProperties) = preSolution
		HideSolutionNode = FALSE
	EndGlobalSection
	GlobalSection(NestedProjects) = preSolution
		{5DAD148E-3460-4867-A584-E7FF6469EACE} = {B7659B5A-3F63-4BB6-89EB-CD135612AEA7}
		{C33A4461-80A8-4A28-BBA8-7B9847616196} = {B7659B5A-3F63-4BB6-89EB-CD135612AEA7}
		{C6166AA7-5387-45EE-A728-C26C4F5F83F5} = {B7659B5A-3F63-4BB6-89EB-CD135612AEA7}
		{338BECFF-29C0-4340-B676-F9ECE461DDFE} = {2513FF83-1D59-4C4A-8150-E98A116E0AFA}
	EndGlobalSection
	GlobalSection(ProjectConfigurationPlatforms) = postSolution
		{5DAD148E-3460-4867-A584-E7FF6469EACE}.Debug|Any CPU.ActiveCfg = Debug|Any CPU
		{5DAD148E-3460-4867-A584-E7FF6469EACE}.Debug|Any CPU.Build.0 = Debug|Any CPU
		{5DAD148E-3460-4867-A584-E7FF6469EACE}.Release|Any CPU.ActiveCfg = Release|Any CPU
		{5DAD148E-3460-4867-A584-E7FF6469EACE}.Release|Any CPU.Build.0 = Release|Any CPU
		{C33A4461-80A8-4A28-BBA8-7B9847616196}.Debug|Any CPU.ActiveCfg = Debug|Any CPU
		{C33A4461-80A8-4A28-BBA8-7B9847616196}.Debug|Any CPU.Build.0 = Debug|Any CPU
		{C33A4461-80A8-4A28-BBA8-7B9847616196}.Release|Any CPU.ActiveCfg = Release|Any CPU
		{C33A4461-80A8-4A28-BBA8-7B9847616196}.Release|Any CPU.Build.0 = Release|Any CPU
		{C6166AA7-5387-45EE-A728-C26C4F5F83F5}.Debug|Any CPU.ActiveCfg = Debug|Any CPU
		{C6166AA7-5387-45EE-A728-C26C4F5F83F5}.Debug|Any CPU.Build.0 = Debug|Any CPU
		{C6166AA7-5387-45EE-A728-C26C4F5F83F5}.Release|Any CPU.ActiveCfg = Release|Any CPU
		{C6166AA7-5387-45EE-A728-C26C4F5F83F5}.Release|Any CPU.Build.0 = Release|Any CPU
		{338BECFF-29C0-4340-B676-F9ECE461DDFE}.Debug|Any CPU.ActiveCfg = Debug|Any CPU
		{338BECFF-29C0-4340-B676-F9ECE461DDFE}.Debug|Any CPU.Build.0 = Debug|Any CPU
		{338BECFF-29C0-4340-B676-F9ECE461DDFE}.Release|Any CPU.ActiveCfg = Release|Any CPU
		{338BECFF-29C0-4340-B676-F9ECE461DDFE}.Release|Any CPU.Build.0 = Release|Any CPU
	EndGlobalSection
EndGlobal
